
Microsoft Visual Studio Solution File, Format Version 12.00
# Visual Studio Version 16
VisualStudioVersion = 16.0.30717.126
MinimumVisualStudioVersion = 10.0.40219.1
Project("{9A19103F-16F7-4668-BE54-9A1E7A4F7556}") = "TurkAzn.Web", "TurkAzn.Web\TurkAzn.Web.csproj", "{C2FA0BB4-4A23-4B98-B309-9F83AFFA11CD}"
EndProject
Project("{9A19103F-16F7-4668-BE54-9A1E7A4F7556}") = "TurkAzn.Data", "TurkAzn.Data\TurkAzn.Data.csproj", "{8EEAC924-A380-42F5-889B-A1208F2C2E9E}"
EndProject
Project("{FAE04EC0-301F-11D3-BF4B-00C04F79EFBC}") = "TurkAzn.Desktop", "TurkAzn.Desktop\TurkAzn.Desktop.csproj", "{1EB30211-FF4C-4EFF-ABE5-DC9B4AE2E98C}"
EndProject
Global
	GlobalSection(SolutionConfigurationPlatforms) = preSolution
		Debug|Any CPU = Debug|Any CPU
		Release|Any CPU = Release|Any CPU
	EndGlobalSection
	GlobalSection(ProjectConfigurationPlatforms) = postSolution
		{C2FA0BB4-4A23-4B98-B309-9F83AFFA11CD}.Debug|Any CPU.ActiveCfg = Debug|Any CPU
		{C2FA0BB4-4A23-4B98-B309-9F83AFFA11CD}.Debug|Any CPU.Build.0 = Debug|Any CPU
		{C2FA0BB4-4A23-4B98-B309-9F83AFFA11CD}.Release|Any CPU.ActiveCfg = Release|Any CPU
		{C2FA0BB4-4A23-4B98-B309-9F83AFFA11CD}.Release|Any CPU.Build.0 = Release|Any CPU
		{8EEAC924-A380-42F5-889B-A1208F2C2E9E}.Debug|Any CPU.ActiveCfg = Debug|Any CPU
		{8EEAC924-A380-42F5-889B-A1208F2C2E9E}.Debug|Any CPU.Build.0 = Debug|Any CPU
		{8EEAC924-A380-42F5-889B-A1208F2C2E9E}.Release|Any CPU.ActiveCfg = Release|Any CPU
		{8EEAC924-A380-42F5-889B-A1208F2C2E9E}.Release|Any CPU.Build.0 = Release|Any CPU
		{1EB30211-FF4C-4EFF-ABE5-DC9B4AE2E98C}.Debug|Any CPU.ActiveCfg = Debug|Any CPU
		{1EB30211-FF4C-4EFF-ABE5-DC9B4AE2E98C}.Debug|Any CPU.Build.0 = Debug|Any CPU
		{1EB30211-FF4C-4EFF-ABE5-DC9B4AE2E98C}.Release|Any CPU.ActiveCfg = Release|Any CPU
		{1EB30211-FF4C-4EFF-ABE5-DC9B4AE2E98C}.Release|Any CPU.Build.0 = Release|Any CPU
	EndGlobalSection
	GlobalSection(SolutionProperties) = preSolution
		HideSolutionNode = FALSE
	EndGlobalSection
	GlobalSection(ExtensibilityGlobals) = postSolution
		SolutionGuid = {3D99EC46-0AD5-4CC1-8FF7-39D295D8642E}
	EndGlobalSection
EndGlobal
